github.com/firozansari/firozansari.theme v0.0.0-20230120015101-f2ba508d6a03 h1:uXpf6ihAypPiV/rSe6nJhpLbmAc/bkUzf3Upk6TddhE=
github.com/firozansari/firozansari.theme v0.0.0-20230120015101-f2ba508d6a03/go.mod h1:pt+Zkiz3du1XFdo0WDBj8xAE0GEwTf14KkGKFaVEG/c=
gitlab.com/firozansari/www.jvt.me-theme v0.0.0-20220424185352-03d8bb8757e9 h1:tnbmR8dyy3eOo156Stx1bQcALiSpI4w23mE40HEhOW0=
gitlab.com/firozansari/www.jvt.me-theme v0.0.0-20220424185352-03d8bb8757e9/go.mod h1:aiCKkVeofktqGGUCCKMOjBZqlVxXrVTApcrJPi2vj5w=
